
Microsoft Visual Studio Solution File, Format Version 12.00
# Visual Studio Version 17
VisualStudioVersion = 17.4.33213.308
MinimumVisualStudioVersion = 10.0.40219.1
Project("{FAE04EC0-301F-11D3-BF4B-00C04F79EFBC}") = "04.03", "04.03\04.03.csproj", "{685FA0D3-57CF-4AD2-B5F2-10B5E9113710}"
EndProject
Global
	GlobalSection(SolutionConfigurationPlatforms) = preSolution
		Debug|Any CPU = Debug|Any CPU
		Release|Any CPU = Release|Any CPU
	EndGlobalSection
	GlobalSection(ProjectConfigurationPlatforms) = postSolution
		{685FA0D3-57CF-4AD2-B5F2-10B5E9113710}.Debug|Any CPU.ActiveCfg = Debug|Any CPU
		{685FA0D3-57CF-4AD2-B5F2-10B5E9113710}.Debug|Any CPU.Build.0 = Debug|Any CPU
		{685FA0D3-57CF-4AD2-B5F2-10B5E9113710}.Release|Any CPU.ActiveCfg = Release|Any CPU
		{685FA0D3-57CF-4AD2-B5F2-10B5E9113710}.Release|Any CPU.Build.0 = Release|Any CPU
	EndGlobalSection
	GlobalSection(SolutionProperties) = preSolution
		HideSolutionNode = FALSE
	EndGlobalSection
	GlobalSection(ExtensibilityGlobals) = postSolution
		SolutionGuid = {49B8DCD7-DCD1-4534-BBDB-0BDFFE40198D}
	EndGlobalSection
EndGlobal
